
Microsoft Visual Studio Solution File, Format Version 12.00
# Visual Studio Version 17
VisualStudioVersion = 17.5.002.0
MinimumVisualStudioVersion = 10.0.40219.1
Project("{2150E333-8FDC-42A3-9474-1A3956D46DE8}") = "src", "src", "{22947755-18E7-4342-A19B-335CBCB188C4}"
EndProject
Project("{9A19103F-16F7-4668-BE54-9A1E7A4F7556}") = "NReferenceManager.Cli", "src\NReferenceManager.Cli\NReferenceManager.Cli.csproj", "{3C28BE43-779E-4B98-AE5F-AE9D1CBCBE5E}"
EndProject
Global
	GlobalSection(SolutionConfigurationPlatforms) = preSolution
		Debug|Any CPU = Debug|Any CPU
		Release|Any CPU = Release|Any CPU
	EndGlobalSection
	GlobalSection(ProjectConfigurationPlatforms) = postSolution
		{3C28BE43-779E-4B98-AE5F-AE9D1CBCBE5E}.Debug|Any CPU.ActiveCfg = Debug|Any CPU
		{3C28BE43-779E-4B98-AE5F-AE9D1CBCBE5E}.Debug|Any CPU.Build.0 = Debug|Any CPU
		{3C28BE43-779E-4B98-AE5F-AE9D1CBCBE5E}.Release|Any CPU.ActiveCfg = Release|Any CPU
		{3C28BE43-779E-4B98-AE5F-AE9D1CBCBE5E}.Release|Any CPU.Build.0 = Release|Any CPU
	EndGlobalSection
	GlobalSection(SolutionProperties) = preSolution
		HideSolutionNode = FALSE
	EndGlobalSection
	GlobalSection(NestedProjects) = preSolution
		{3C28BE43-779E-4B98-AE5F-AE9D1CBCBE5E} = {22947755-18E7-4342-A19B-335CBCB188C4}
	EndGlobalSection
	GlobalSection(ExtensibilityGlobals) = postSolution
		SolutionGuid = {7B9519A9-401C-4F7D-983E-6D0A51FD6420}
	EndGlobalSection
EndGlobal
